{
  "version": 4,
  "terraform_version": "1.14.3",
  "serial": 10,
  "lineage": "900364f9-ee50-adf9-c2a0-f1f3167b0d2a",
  "outputs": {
    "application_url": {
      "value": "Check service: kubectl get svc -n iqgeo",
      "type": "string"
    },
    "namespace": {
      "value": "iqgeo",
      "type": "string"
    },
    "release_name": {
      "value": "iqgeo",
      "type": "string"
    },
    "status": {
      "value": "deployed",
      "type": "string"
    },
    "version": {
      "value": "2.14.0",
      "type": "string"
    }
  },
  "resources": [
    {
      "mode": "managed",
      "type": "helm_release",
      "name": "iqgeo",
      "provider": "provider[\"registry.terraform.io/hashicorp/helm\"]",
      "instances": [
        {
          "schema_version": 1,
          "attributes": {
            "atomic": false,
            "chart": "oci://harbor.delivery.iqgeo.cloud/helm/iqgeo-platform",
            "cleanup_on_fail": false,
            "create_namespace": false,
            "dependency_update": false,
            "description": null,
            "devel": null,
            "disable_crd_hooks": false,
            "disable_openapi_validation": false,
            "disable_webhooks": false,
            "force_update": false,
            "id": "iqgeo",
            "keyring": null,
            "lint": false,
            "manifest": null,
            "max_history": 0,
            "metadata": [
              {
                "app_version": "7.0.0",
                "chart": "iqgeo-platform",
                "first_deployed": 1770781844,
                "last_deployed": 1770782635,
                "name": "iqgeo",
                "namespace": "iqgeo",
                "notes": "CHART NAME: memcached\nCHART VERSION: 6.1.9\nAPP VERSION: 1.6.16\n\n** Please be patient while the chart is being deployed **\n\nMemcached can be accessed via port 11211 on the following DNS name from within your cluster:\n\n    iqgeo-memcached.iqgeo.svc.cluster.local\n\n1. Get the application URL by running these commands:\n     NOTE: It may take a few minutes for the LoadBalancer IP to be available.\n           You can watch the status of by running 'kubectl get --namespace iqgeo svc -w iqgeo-iqgeo-platform'\n  export SERVICE_IP=$(kubectl get svc --namespace iqgeo iqgeo-iqgeo-platform --template \"{{ range (index .status.loadBalancer.ingress 0) }}{{.}}{{ end }}\")\n  echo http://$SERVICE_IP:80\n",
                "revision": 2,
                "values": "{\"database\":{\"host\":\"10.42.42.9\",\"name\":\"iqgeo\",\"password\":\"6hPfVGmi9gMMhhmE5pR64xDz4ahcQnvg\",\"port\":\"5432\",\"user\":\"iqgeo\"},\"extra\":{},\"image\":{\"pullPolicy\":\"IfNotPresent\",\"repository\":\"harbor.delivery.iqgeo.cloud/nmti-trials/editions-nmt-comms-cloud\",\"tag\":\"7.3\"},\"imagePullSecrets\":[\"harbor-repository\"],\"ingress\":{\"className\":null,\"enabled\":false,\"hosts\":[{\"host\":\"iqgeo-tf.techwave.com\",\"paths\":[]}],\"tls\":[]},\"persistence\":{\"accessModes\":[\"ReadWriteOnce\"],\"enabled\":true,\"size\":\"50Gi\",\"storageClass\":\"efs\"},\"replicaCount\":1,\"resources\":{\"limits\":{\"cpu\":\"1\",\"memory\":\"1Gi\"},\"requests\":{\"cpu\":\"500m\",\"memory\":\"512Mi\"}},\"service\":{\"port\":80,\"type\":\"LoadBalancer\"}}",
                "version": "2.14.0"
              }
            ],
            "name": "iqgeo",
            "namespace": "iqgeo",
            "pass_credentials": false,
            "postrender": [],
            "recreate_pods": false,
            "render_subchart_notes": true,
            "replace": false,
            "repository": null,
            "repository_ca_file": null,
            "repository_cert_file": null,
            "repository_key_file": null,
            "repository_password": null,
            "repository_username": null,
            "reset_values": false,
            "reuse_values": false,
            "set": [],
            "set_list": [],
            "set_sensitive": [],
            "skip_crds": false,
            "status": "deployed",
            "timeout": 1800,
            "upgrade_install": null,
            "values": [
              "\"database\":\n  \"host\": \"10.42.42.9\"\n  \"name\": \"iqgeo\"\n  \"password\": \"6hPfVGmi9gMMhhmE5pR64xDz4ahcQnvg\"\n  \"port\": \"5432\"\n  \"user\": \"iqgeo\"\n\"extra\": {}\n\"image\":\n  \"pullPolicy\": \"IfNotPresent\"\n  \"repository\": \"harbor.delivery.iqgeo.cloud/nmti-trials/editions-nmt-comms-cloud\"\n  \"tag\": \"7.3\"\n\"imagePullSecrets\":\n- \"harbor-repository\"\n\"ingress\":\n  \"className\": null\n  \"enabled\": false\n  \"hosts\":\n  - \"host\": \"iqgeo-tf.techwave.com\"\n    \"paths\": []\n  \"tls\": []\n\"persistence\":\n  \"accessModes\":\n  - \"ReadWriteOnce\"\n  \"enabled\": true\n  \"size\": \"50Gi\"\n  \"storageClass\": \"efs\"\n\"replicaCount\": 1\n\"resources\":\n  \"limits\":\n    \"cpu\": \"1\"\n    \"memory\": \"1Gi\"\n  \"requests\":\n    \"cpu\": \"500m\"\n    \"memory\": \"512Mi\"\n\"service\":\n  \"port\": 80\n  \"type\": \"LoadBalancer\"\n"
            ],
            "verify": false,
            "version": "2.14.0",
            "wait": false,
            "wait_for_jobs": false
          },
          "sensitive_attributes": [
            [
              {
                "type": "get_attr",
                "value": "repository_password"
              }
            ],
            [
              {
                "type": "get_attr",
                "value": "values"
              },
              {
                "type": "index",
                "value": {
                  "value": 0,
                  "type": "number"
                }
              }
            ]
          ],
          "identity_schema_version": 0,
          "private": "eyJzY2hlbWFfdmVyc2lvbiI6IjEifQ==",
          "dependencies": [
            "null_resource.helm_registry_login"
          ]
        }
      ]
    },
    {
      "mode": "managed",
      "type": "null_resource",
      "name": "helm_registry_login",
      "provider": "provider[\"registry.terraform.io/hashicorp/null\"]",
      "instances": [
        {
          "index_key": 0,
          "schema_version": 0,
          "attributes": {
            "id": "7183044719346953613",
            "triggers": {
              "harbor_registry": "harbor.delivery.iqgeo.cloud/helm",
              "harbor_username": "robot$techwave"
            }
          },
          "sensitive_attributes": [
            [
              {
                "type": "get_attr",
                "value": "triggers"
              },
              {
                "type": "index",
                "value": {
                  "value": "harbor_username",
                  "type": "string"
                }
              }
            ]
          ],
          "identity_schema_version": 0
        }
      ]
    }
  ],
  "check_results": null
}
